
Microsoft Visual Studio Solution File, Format Version 12.00
# Visual Studio 15
Project("{FAE04EC0-301F-11D3-BF4B-00C04F79EFBC}") = "BookWebApp", "BookWebApp\BookWebApp.csproj", "{4DF33A76-FA34-4D43-97E2-A022973BD770}"
EndProject
Global
	GlobalSection(SolutionConfigurationPlatforms) = preSolution
		Debug|Any CPU = Debug|Any CPU
		Release|Any CPU = Release|Any CPU
	EndGlobalSection
	GlobalSection(ProjectConfigurationPlatforms) = postSolution
		{4DF33A76-FA34-4D43-97E2-A022973BD770}.Debug|Any CPU.ActiveCfg = Debug|Any CPU
		{4DF33A76-FA34-4D43-97E2-A022973BD770}.Debug|Any CPU.Build.0 = Debug|Any CPU
		{4DF33A76-FA34-4D43-97E2-A022973BD770}.Release|Any CPU.ActiveCfg = Release|Any CPU
		{4DF33A76-FA34-4D43-97E2-A022973BD770}.Release|Any CPU.Build.0 = Release|Any CPU
	EndGlobalSection
EndGlobal
